
Microsoft Visual Studio Solution File, Format Version 12.00
# Visual Studio Version 16
VisualStudioVersion = 16.0.31402.337
MinimumVisualStudioVersion = 10.0.40219.1
Project("{9A19103F-16F7-4668-BE54-9A1E7A4F7556}") = "CoreProject.API", "CoreProject.API.csproj", "{E75B508F-545C-402E-B051-E10CA091A48B}"
EndProject
Project("{9A19103F-16F7-4668-BE54-9A1E7A4F7556}") = "CoreProject.Models", "..\Models\CoreProject.Models.csproj", "{AB30C0CF-6251-4856-A0DD-D7CC114EB621}"
EndProject
Project("{9A19103F-16F7-4668-BE54-9A1E7A4F7556}") = "CoreProject.Data", "..\Data\CoreProject.Data.csproj", "{C6003824-E36A-4CCB-9077-9294FB571B34}"
EndProject
Project("{9A19103F-16F7-4668-BE54-9A1E7A4F7556}") = "CoreProject.Services", "..\Services\CoreProject.Services.csproj", "{FA79BD12-2156-4A22-B6B6-BAA51C22B6CE}"
EndProject
Global
	GlobalSection(SolutionConfigurationPlatforms) = preSolution
		Debug|Any CPU = Debug|Any CPU
		Release|Any CPU = Release|Any CPU
	EndGlobalSection
	GlobalSection(ProjectConfigurationPlatforms) = postSolution
		{E75B508F-545C-402E-B051-E10CA091A48B}.Debug|Any CPU.ActiveCfg = Debug|Any CPU
		{E75B508F-545C-402E-B051-E10CA091A48B}.Debug|Any CPU.Build.0 = Debug|Any CPU
		{E75B508F-545C-402E-B051-E10CA091A48B}.Release|Any CPU.ActiveCfg = Release|Any CPU
		{E75B508F-545C-402E-B051-E10CA091A48B}.Release|Any CPU.Build.0 = Release|Any CPU
		{AB30C0CF-6251-4856-A0DD-D7CC114EB621}.Debug|Any CPU.ActiveCfg = Debug|Any CPU
		{AB30C0CF-6251-4856-A0DD-D7CC114EB621}.Debug|Any CPU.Build.0 = Debug|Any CPU
		{AB30C0CF-6251-4856-A0DD-D7CC114EB621}.Release|Any CPU.ActiveCfg = Release|Any CPU
		{AB30C0CF-6251-4856-A0DD-D7CC114EB621}.Release|Any CPU.Build.0 = Release|Any CPU
		{C6003824-E36A-4CCB-9077-9294FB571B34}.Debug|Any CPU.ActiveCfg = Debug|Any CPU
		{C6003824-E36A-4CCB-9077-9294FB571B34}.Debug|Any CPU.Build.0 = Debug|Any CPU
		{C6003824-E36A-4CCB-9077-9294FB571B34}.Release|Any CPU.ActiveCfg = Release|Any CPU
		{C6003824-E36A-4CCB-9077-9294FB571B34}.Release|Any CPU.Build.0 = Release|Any CPU
		{FA79BD12-2156-4A22-B6B6-BAA51C22B6CE}.Debug|Any CPU.ActiveCfg = Debug|Any CPU
		{FA79BD12-2156-4A22-B6B6-BAA51C22B6CE}.Debug|Any CPU.Build.0 = Debug|Any CPU
		{FA79BD12-2156-4A22-B6B6-BAA51C22B6CE}.Release|Any CPU.ActiveCfg = Release|Any CPU
		{FA79BD12-2156-4A22-B6B6-BAA51C22B6CE}.Release|Any CPU.Build.0 = Release|Any CPU
	EndGlobalSection
	GlobalSection(SolutionProperties) = preSolution
		HideSolutionNode = FALSE
	EndGlobalSection
	GlobalSection(ExtensibilityGlobals) = postSolution
		SolutionGuid = {206D3350-6629-43D5-9A67-DC300CA3F559}
	EndGlobalSection
EndGlobal
